# THIS IS AN AUTOGENERATED FILE. DO NOT EDIT THIS FILE DIRECTLY.
# yarn lockfile v1


"@types/aws-sdk@^0.0.42":
  version "0.0.42"
  resolved "https://registry.yarnpkg.com/@types/aws-sdk/-/aws-sdk-0.0.42.tgz#a9feca87cdee5e40647f8f51577cbd15d3789423"
  dependencies:
    "@types/node" "*"

"@types/node@*":
  version "6.0.54"
  resolved "https://registry.yarnpkg.com/@types/node/-/node-6.0.54.tgz#65859962ba988052cbdd5c48881395acfdd46931"
